
Microsoft Visual Studio Solution File, Format Version 12.00
# Visual Studio Version 16
VisualStudioVersion = 16.0.31410.357
MinimumVisualStudioVersion = 10.0.40219.1
Project("{FAE04EC0-301F-11D3-BF4B-00C04F79EFBC}") = "ExceptionLoggingUsingSingletonDesignPattern", "ExceptionLoggingUsingSingletonDesignPattern\ExceptionLoggingUsingSingletonDesignPattern.csproj", "{80F9709D-540E-4AB5-B109-72210ED1CC88}"
EndProject
Project("{FAE04EC0-301F-11D3-BF4B-00C04F79EFBC}") = "Logger", "Logger\Logger.csproj", "{D9A57081-B905-4A55-97B8-292D2FAA0931}"
EndProject
Global
	GlobalSection(SolutionConfigurationPlatforms) = preSolution
		Debug|Any CPU = Debug|Any CPU
		Release|Any CPU = Release|Any CPU
	EndGlobalSection
	GlobalSection(ProjectConfigurationPlatforms) = postSolution
		{80F9709D-540E-4AB5-B109-72210ED1CC88}.Debug|Any CPU.ActiveCfg = Debug|Any CPU
		{80F9709D-540E-4AB5-B109-72210ED1CC88}.Debug|Any CPU.Build.0 = Debug|Any CPU
		{80F9709D-540E-4AB5-B109-72210ED1CC88}.Release|Any CPU.ActiveCfg = Release|Any CPU
		{80F9709D-540E-4AB5-B109-72210ED1CC88}.Release|Any CPU.Build.0 = Release|Any CPU
		{D9A57081-B905-4A55-97B8-292D2FAA0931}.Debug|Any CPU.ActiveCfg = Debug|Any CPU
		{D9A57081-B905-4A55-97B8-292D2FAA0931}.Debug|Any CPU.Build.0 = Debug|Any CPU
		{D9A57081-B905-4A55-97B8-292D2FAA0931}.Release|Any CPU.ActiveCfg = Release|Any CPU
		{D9A57081-B905-4A55-97B8-292D2FAA0931}.Release|Any CPU.Build.0 = Release|Any CPU
	EndGlobalSection
	GlobalSection(SolutionProperties) = preSolution
		HideSolutionNode = FALSE
	EndGlobalSection
	GlobalSection(ExtensibilityGlobals) = postSolution
		SolutionGuid = {23380FB5-5D34-4A2D-A9AC-0AC3E1E59BE8}
	EndGlobalSection
EndGlobal
